
Microsoft Visual Studio Solution File, Format Version 12.00
# Visual Studio 15
VisualStudioVersion = 15.0.28307.489
MinimumVisualStudioVersion = 10.0.40219.1
Project("{FAE04EC0-301F-11D3-BF4B-00C04F79EFBC}") = "TheBookShop", "TheBookShop\TheBookShop.csproj", "{4A39BBC4-DF3C-48FF-9BF5-11140E34B174}"
EndProject
Global
	GlobalSection(SolutionConfigurationPlatforms) = preSolution
		Debug|Any CPU = Debug|Any CPU
		Release|Any CPU = Release|Any CPU
	EndGlobalSection
	GlobalSection(ProjectConfigurationPlatforms) = postSolution
		{4A39BBC4-DF3C-48FF-9BF5-11140E34B174}.Debug|Any CPU.ActiveCfg = Debug|Any CPU
		{4A39BBC4-DF3C-48FF-9BF5-11140E34B174}.Debug|Any CPU.Build.0 = Debug|Any CPU
		{4A39BBC4-DF3C-48FF-9BF5-11140E34B174}.Release|Any CPU.ActiveCfg = Release|Any CPU
		{4A39BBC4-DF3C-48FF-9BF5-11140E34B174}.Release|Any CPU.Build.0 = Release|Any CPU
	EndGlobalSection
	GlobalSection(SolutionProperties) = preSolution
		HideSolutionNode = FALSE
	EndGlobalSection
	GlobalSection(ExtensibilityGlobals) = postSolution
		SolutionGuid = {5513DE8A-AEB6-4D92-963F-3D693FF5DED5}
	EndGlobalSection
EndGlobal
